
Microsoft Visual Studio Solution File, Format Version 12.00
# Visual Studio Version 17
VisualStudioVersion = 17.5.002.0
MinimumVisualStudioVersion = 10.0.40219.1
Project("{9A19103F-16F7-4668-BE54-9A1E7A4F7556}") = "TrilhaApiDesafio", "TrilhaApiDesafio.csproj", "{9232C253-83E7-4CF9-AED8-8A8B2FF99048}"
EndProject
Global
	GlobalSection(SolutionConfigurationPlatforms) = preSolution
		Debug|Any CPU = Debug|Any CPU
		Release|Any CPU = Release|Any CPU
	EndGlobalSection
	GlobalSection(ProjectConfigurationPlatforms) = postSolution
		{9232C253-83E7-4CF9-AED8-8A8B2FF99048}.Debug|Any CPU.ActiveCfg = Debug|Any CPU
		{9232C253-83E7-4CF9-AED8-8A8B2FF99048}.Debug|Any CPU.Build.0 = Debug|Any CPU
		{9232C253-83E7-4CF9-AED8-8A8B2FF99048}.Release|Any CPU.ActiveCfg = Release|Any CPU
		{9232C253-83E7-4CF9-AED8-8A8B2FF99048}.Release|Any CPU.Build.0 = Release|Any CPU
	EndGlobalSection
	GlobalSection(SolutionProperties) = preSolution
		HideSolutionNode = FALSE
	EndGlobalSection
	GlobalSection(ExtensibilityGlobals) = postSolution
		SolutionGuid = {058E1362-1C51-49B8-A8BB-B6548C4EBA50}
	EndGlobalSection
EndGlobal
